
Microsoft Visual Studio Solution File, Format Version 12.00
# Visual Studio Version 16
VisualStudioVersion = 16.0.29123.88
MinimumVisualStudioVersion = 10.0.40219.1
Project("{FAE04EC0-301F-11D3-BF4B-00C04F79EFBC}") = "SudokuSolver", "SudokuSolver\SudokuSolver.csproj", "{43FD7D02-0EF1-4082-A772-37C83CE32140}"
EndProject
Global
	GlobalSection(SolutionConfigurationPlatforms) = preSolution
		Debug|Any CPU = Debug|Any CPU
		Release|Any CPU = Release|Any CPU
	EndGlobalSection
	GlobalSection(ProjectConfigurationPlatforms) = postSolution
		{43FD7D02-0EF1-4082-A772-37C83CE32140}.Debug|Any CPU.ActiveCfg = Debug|Any CPU
		{43FD7D02-0EF1-4082-A772-37C83CE32140}.Debug|Any CPU.Build.0 = Debug|Any CPU
		{43FD7D02-0EF1-4082-A772-37C83CE32140}.Release|Any CPU.ActiveCfg = Release|Any CPU
		{43FD7D02-0EF1-4082-A772-37C83CE32140}.Release|Any CPU.Build.0 = Release|Any CPU
	EndGlobalSection
	GlobalSection(SolutionProperties) = preSolution
		HideSolutionNode = FALSE
	EndGlobalSection
	GlobalSection(ExtensibilityGlobals) = postSolution
		SolutionGuid = {B4F457B4-28CE-4886-A273-973979780192}
	EndGlobalSection
EndGlobal
